<?xml version="1.0" encoding="utf-8"?>
<Project ToolsVersion="4.0" xmlns="http://schemas.microsoft.com/developer/msbuild/2003">
  <ItemGroup>
    <Filter Include="소스 파일">
      <UniqueIdentifier>{4FC737F1-C7A5-4376-A066-2A32D752A2FF}</UniqueIdentifier>
      <Extensions>cpp;c;cc;cxx;c++;cppm;ixx;def;odl;idl;hpj;bat;asm;asmx</Extensions>
    </Filter>
    <Filter Include="헤더 파일">
      <UniqueIdentifier>{93995380-89BD-4b04-88EB-625FBE52EBFB}</UniqueIdentifier>
      <Extensions>h;hh;hpp;hxx;h++;hm;inl;inc;ipp;xsd</Extensions>
    </Filter>
    <Filter Include="리소스 파일">
      <UniqueIdentifier>{67DA6AB6-F800-4c08-8B7A-83BB121AAD01}</UniqueIdentifier>
      <Extensions>rc;ico;cur;bmp;dlg;rc2;rct;bin;rgs;gif;jpg;jpeg;jpe;resx;tiff;tif;png;wav;mfcribbon-ms</Extensions>
    </Filter>
    <Filter Include="소스 파일\_1">
      <UniqueIdentifier>{9c37d7a3-b9c1-4a71-941d-5c10c7d045b3}</UniqueIdentifier>
    </Filter>
    <Filter Include="소스 파일\_2">
      <UniqueIdentifier>{2866c12d-ab1f-41c7-99db-8f6bb85b7537}</UniqueIdentifier>
    </Filter>
  </ItemGroup>
  <ItemGroup>
    <ClCompile Include="_1_1_2_SimpleAdder.cpp">
      <Filter>소스 파일\_1</Filter>
    </ClCompile>
    <ClCompile Include="_1_1_1_HellowWorld.cpp">
      <Filter>소스 파일\_1</Filter>
    </ClCompile>
    <ClCompile Include="_1_1_3_BetweenAdder.cpp">
      <Filter>소스 파일\_1</Filter>
    </ClCompile>
    <ClCompile Include="_1_1_4_StringIO.cpp">
      <Filter>소스 파일\_1</Filter>
    </ClCompile>
    <ClCompile Include="_1_1_5_Problem.cpp">
      <Filter>소스 파일\_1</Filter>
    </ClCompile>
    <ClCompile Include="_1_2_1_FunctionOverloading.cpp">
      <Filter>소스 파일\_1</Filter>
    </ClCompile>
    <ClCompile Include="_1_2_2_Problem.cpp">
      <Filter>소스 파일\_1</Filter>
    </ClCompile>
    <ClCompile Include="_1_3_1_DefaultValue1.cpp">
      <Filter>소스 파일\_1</Filter>
    </ClCompile>
    <ClCompile Include="_1_3_2_DefaultValue2.cpp">
      <Filter>소스 파일\_1</Filter>
    </ClCompile>
    <ClCompile Include="_1_3_3_DefaultValue3.cpp">
      <Filter>소스 파일\_1</Filter>
    </ClCompile>
    <ClCompile Include="_1_4_1_InlineFunc.cpp">
      <Filter>소스 파일\_1</Filter>
    </ClCompile>
    <ClCompile Include="_1_5_1_NameSp1.cpp">
      <Filter>소스 파일\_1</Filter>
    </ClCompile>
    <ClCompile Include="_1_5_2_NameSp2.cpp">
      <Filter>소스 파일\_1</Filter>
    </ClCompile>
    <ClCompile Include="_1_5_3_NameSp3.cpp">
      <Filter>소스 파일\_1</Filter>
    </ClCompile>
    <ClCompile Include="_1_5_4_UsingDcl.cpp">
      <Filter>소스 파일\_1</Filter>
    </ClCompile>
    <ClCompile Include="_1_5_5_UsingDcl2.cpp">
      <Filter>소스 파일\_1</Filter>
    </ClCompile>
    <ClCompile Include="_1_5_6_UsingDcl3.cpp">
      <Filter>소스 파일\_1</Filter>
    </ClCompile>
    <ClCompile Include="_1_5_7_UsingAlias.cpp">
      <Filter>소스 파일\_1</Filter>
    </ClCompile>
    <ClCompile Include="_1_OOP.cpp">
      <Filter>소스 파일\_1</Filter>
    </ClCompile>
    <ClCompile Include="_2_2_1_TrueAndFalse.cpp">
      <Filter>소스 파일\_2</Filter>
    </ClCompile>
    <ClCompile Include="_2_2_2_DataTypeBool.cpp">
      <Filter>소스 파일\_2</Filter>
    </ClCompile>
  </ItemGroup>
</Project>